
Microsoft Visual Studio Solution File, Format Version 12.00
# Visual Studio Version 16
VisualStudioVersion = 16.0.29709.97
MinimumVisualStudioVersion = 10.0.40219.1
Project("{9A19103F-16F7-4668-BE54-9A1E7A4F7556}") = "Control", "Control\Control.csproj", "{3ADBE7B6-1492-45E1-B81C-C0956BF933BB}"
EndProject
Project("{9A19103F-16F7-4668-BE54-9A1E7A4F7556}") = "Control.Tests", "Control.Tests\Control.Tests.csproj", "{26C37CD7-AFC1-48F1-AA8F-BC67603A9AF0}"
EndProject
Project("{9A19103F-16F7-4668-BE54-9A1E7A4F7556}") = "Shift", "Shift\Shift.csproj", "{AA837A2D-68AA-46ED-B9F6-5A36BE04A73B}"
EndProject
Project("{9A19103F-16F7-4668-BE54-9A1E7A4F7556}") = "Shift.Tests", "Shift.Tests\Shift.Tests.csproj", "{F71A3F16-8282-4C6D-B8B9-C96B2B558B06}"
EndProject
Project("{FAE04EC0-301F-11D3-BF4B-00C04F79EFBC}") = "Shift.Language", "Shift.Language\Shift.Language.csproj", "{9BF110FB-2E53-4D67-85EB-5875F2D173D9}"
EndProject
Global
	GlobalSection(SolutionConfigurationPlatforms) = preSolution
		Debug|Any CPU = Debug|Any CPU
		Release|Any CPU = Release|Any CPU
	EndGlobalSection
	GlobalSection(ProjectConfigurationPlatforms) = postSolution
		{3ADBE7B6-1492-45E1-B81C-C0956BF933BB}.Debug|Any CPU.ActiveCfg = Debug|Any CPU
		{3ADBE7B6-1492-45E1-B81C-C0956BF933BB}.Debug|Any CPU.Build.0 = Debug|Any CPU
		{3ADBE7B6-1492-45E1-B81C-C0956BF933BB}.Release|Any CPU.ActiveCfg = Release|Any CPU
		{3ADBE7B6-1492-45E1-B81C-C0956BF933BB}.Release|Any CPU.Build.0 = Release|Any CPU
		{26C37CD7-AFC1-48F1-AA8F-BC67603A9AF0}.Debug|Any CPU.ActiveCfg = Debug|Any CPU
		{26C37CD7-AFC1-48F1-AA8F-BC67603A9AF0}.Debug|Any CPU.Build.0 = Debug|Any CPU
		{26C37CD7-AFC1-48F1-AA8F-BC67603A9AF0}.Release|Any CPU.ActiveCfg = Release|Any CPU
		{26C37CD7-AFC1-48F1-AA8F-BC67603A9AF0}.Release|Any CPU.Build.0 = Release|Any CPU
		{AA837A2D-68AA-46ED-B9F6-5A36BE04A73B}.Debug|Any CPU.ActiveCfg = Debug|Any CPU
		{AA837A2D-68AA-46ED-B9F6-5A36BE04A73B}.Debug|Any CPU.Build.0 = Debug|Any CPU
		{AA837A2D-68AA-46ED-B9F6-5A36BE04A73B}.Release|Any CPU.ActiveCfg = Release|Any CPU
		{AA837A2D-68AA-46ED-B9F6-5A36BE04A73B}.Release|Any CPU.Build.0 = Release|Any CPU
		{F71A3F16-8282-4C6D-B8B9-C96B2B558B06}.Debug|Any CPU.ActiveCfg = Debug|Any CPU
		{F71A3F16-8282-4C6D-B8B9-C96B2B558B06}.Debug|Any CPU.Build.0 = Debug|Any CPU
		{F71A3F16-8282-4C6D-B8B9-C96B2B558B06}.Release|Any CPU.ActiveCfg = Release|Any CPU
		{F71A3F16-8282-4C6D-B8B9-C96B2B558B06}.Release|Any CPU.Build.0 = Release|Any CPU
		{9BF110FB-2E53-4D67-85EB-5875F2D173D9}.Debug|Any CPU.ActiveCfg = Debug|Any CPU
		{9BF110FB-2E53-4D67-85EB-5875F2D173D9}.Debug|Any CPU.Build.0 = Debug|Any CPU
		{9BF110FB-2E53-4D67-85EB-5875F2D173D9}.Release|Any CPU.ActiveCfg = Release|Any CPU
		{9BF110FB-2E53-4D67-85EB-5875F2D173D9}.Release|Any CPU.Build.0 = Release|Any CPU
	EndGlobalSection
	GlobalSection(SolutionProperties) = preSolution
		HideSolutionNode = FALSE
	EndGlobalSection
	GlobalSection(ExtensibilityGlobals) = postSolution
		SolutionGuid = {CE5C2E7D-5D0B-4D8B-AC60-2E7776B5747D}
	EndGlobalSection
EndGlobal
